{
  "version": 4,
  "terraform_version": "0.14.6",
  "serial": 24,
  "lineage": "286d3cf9-38e1-f14a-f0f2-8026ddbbd4ad",
  "outputs": {},
  "resources": [
    {
      "module": "module.ldap",
      "mode": "managed",
      "type": "ldap_object",
      "name": "p2k16-web",
      "provider": "provider[\"registry.terraform.io/trevex/ldap\"].test",
      "instances": [
        {
          "schema_version": 0,
          "attributes": {
            "attributes": [
              {
                "cn": "p2k16-web"
              },
              {
                "sn": "p2k16-web"
              },
              {
                "userPassword": "0a71df4a-d939-2584-39f8-f3d2961e5055"
              }
            ],
            "dn": "cn=p2k16-web,dc=test,dc=bitraf,dc=no",
            "id": "cn=p2k16-web,dc=test,dc=bitraf,dc=no",
            "object_classes": [
              "person",
              "top"
            ],
            "select_attributes": null,
            "skip_attributes": null
          },
          "sensitive_attributes": [],
          "private": "bnVsbA==",
          "dependencies": [
            "module.ldap.random_uuid.p2k16-web"
          ]
        }
      ]
    },
    {
      "module": "module.ldap",
      "mode": "managed",
      "type": "random_uuid",
      "name": "p2k16-web",
      "provider": "provider[\"registry.terraform.io/hashicorp/random\"]",
      "instances": [
        {
          "schema_version": 0,
          "attributes": {
            "id": "0a71df4a-d939-2584-39f8-f3d2961e5055",
            "keepers": null,
            "result": "0a71df4a-d939-2584-39f8-f3d2961e5055"
          },
          "sensitive_attributes": [],
          "private": "bnVsbA=="
        }
      ]
    },
    {
      "module": "module.ldap.module.terraform-output",
      "mode": "managed",
      "type": "shell_script",
      "name": "files",
      "provider": "provider[\"registry.terraform.io/scottwinkler/shell\"]",
      "instances": [
        {
          "schema_version": 0,
          "attributes": {
            "dirty": false,
            "environment": {
              "DIR": "../../../terraform-output/ldap-test",
              "PUBLIC": "{\"p2k16_web_username\":\"cn=p2k16-web,dc=test,dc=bitraf,dc=no\"}",
              "PUBLIC_FILE": "../../../terraform-output/ldap-test/public.json",
              "VAULT": "{\"p2k16_web_password\":\"0a71df4a-d939-2584-39f8-f3d2961e5055\"}",
              "VAULT_FILE": "../../../terraform-output/ldap-test/vault.json"
            },
            "id": "c5eb5vnm2dciqjfutlng",
            "interpreter": null,
            "lifecycle_commands": [
              {
                "create": "mkdir -p \"$DIR\"\necho \"$PUBLIC\" | (command -v jq \u003e /dev/null \u0026\u0026 jq . || cat -) \u003e \"$PUBLIC_FILE\"\necho \"$VAULT\" | (command -v jq \u003e /dev/null \u0026\u0026 jq . || cat -) | ansible-vault encrypt --output \"$VAULT_FILE\" -\n",
                "delete": "rm -rf \"$DIR\"\n",
                "read": "echo \"{\\\"public\\\":\"\ncat \"$PUBLIC_FILE\"\necho \", \\\"vault\\\": \"\nansible-vault view \"$VAULT_FILE\"\necho \"}\"\n",
                "update": "mkdir -p \"$DIR\"\necho \"$PUBLIC\" | (command -v jq \u003e /dev/null \u0026\u0026 jq . || cat -) \u003e \"$PUBLIC_FILE\"\necho \"$VAULT\" | (command -v jq \u003e /dev/null \u0026\u0026 jq . || cat -) | ansible-vault encrypt --output \"$VAULT_FILE\" -\n\necho \"{\\\"public\\\":\"\ncat \"$PUBLIC_FILE\"\necho \", \\\"vault\\\": \"\nansible-vault view \"$VAULT_FILE\"\necho \"}\"\n"
              }
            ],
            "output": {
              "public": "{  \"p2k16_web_username\": \"cn=p2k16-web,dc=test,dc=bitraf,dc=no\"}",
              "vault": "{  \"p2k16_web_password\": \"0a71df4a-d939-2584-39f8-f3d2961e5055\"}"
            },
            "read_error": "",
            "sensitive_environment": null,
            "triggers": null,
            "working_directory": "../ops/terraform/modules/terraform-output"
          },
          "sensitive_attributes": [],
          "private": "bnVsbA==",
          "dependencies": [
            "module.ldap.random_uuid.p2k16-web"
          ]
        }
      ]
    }
  ]
}
